
Microsoft Visual Studio Solution File, Format Version 12.00
# Visual Studio Version 16
VisualStudioVersion = 16.0.31515.178
MinimumVisualStudioVersion = 10.0.40219.1
Project("{FAE04EC0-301F-11D3-BF4B-00C04F79EFBC}") = "CRUD", "CRUD\CRUD.csproj", "{ABC8D0D1-0F4D-4040-8B1C-E4E601871D4A}"
EndProject
Global
	GlobalSection(SolutionConfigurationPlatforms) = preSolution
		Debug|Any CPU = Debug|Any CPU
		Release|Any CPU = Release|Any CPU
	EndGlobalSection
	GlobalSection(ProjectConfigurationPlatforms) = postSolution
		{ABC8D0D1-0F4D-4040-8B1C-E4E601871D4A}.Debug|Any CPU.ActiveCfg = Debug|Any CPU
		{ABC8D0D1-0F4D-4040-8B1C-E4E601871D4A}.Debug|Any CPU.Build.0 = Debug|Any CPU
		{ABC8D0D1-0F4D-4040-8B1C-E4E601871D4A}.Release|Any CPU.ActiveCfg = Release|Any CPU
		{ABC8D0D1-0F4D-4040-8B1C-E4E601871D4A}.Release|Any CPU.Build.0 = Release|Any CPU
	EndGlobalSection
	GlobalSection(SolutionProperties) = preSolution
		HideSolutionNode = FALSE
	EndGlobalSection
	GlobalSection(ExtensibilityGlobals) = postSolution
		SolutionGuid = {D97F5970-A41D-4D8E-80B6-9306262766AA}
	EndGlobalSection
EndGlobal
